
Microsoft Visual Studio Solution File, Format Version 12.00
# Visual Studio 15
VisualStudioVersion = 15.0.27703.2035
MinimumVisualStudioVersion = 10.0.40219.1
Project("{FAE04EC0-301F-11D3-BF4B-00C04F79EFBC}") = "WeatherApp.Droid", "src\WeatherApp.Droid\WeatherApp.Droid.csproj", "{90CF8BB7-F17A-409A-8852-D62BD29E0F56}"
EndProject
Project("{FAE04EC0-301F-11D3-BF4B-00C04F79EFBC}") = "WeatherApp.iOS", "src\WeatherApp.iOS\WeatherApp.iOS.csproj", "{53EBEC94-C821-4AE3-BCCA-C7600CC8B584}"
EndProject
Project("{9A19103F-16F7-4668-BE54-9A1E7A4F7556}") = "WeatherApp.Forms", "src\WeatherApp.Forms\WeatherApp.Forms.csproj", "{090E7CE1-DE1F-4EC2-BCBF-C9F281A7FCA1}"
EndProject
Project("{9A19103F-16F7-4668-BE54-9A1E7A4F7556}") = "WeatherApp.Core", "src\WeatherApp.Core\WeatherApp.Core.csproj", "{83160334-2EC3-4256-90EF-3964F9CCDC43}"
EndProject
Project("{9A19103F-16F7-4668-BE54-9A1E7A4F7556}") = "WeatherApp.UI", "src\WeatherApp.UI\WeatherApp.UI.csproj", "{D4E02CA7-0207-4EB4-8E0F-39A35F6540FA}"
EndProject
Global
	GlobalSection(SolutionConfigurationPlatforms) = preSolution
		Ad-Hoc|Any CPU = Ad-Hoc|Any CPU
		Ad-Hoc|iPhone = Ad-Hoc|iPhone
		Ad-Hoc|iPhoneSimulator = Ad-Hoc|iPhoneSimulator
		AppStore|Any CPU = AppStore|Any CPU
		AppStore|iPhone = AppStore|iPhone
		AppStore|iPhoneSimulator = AppStore|iPhoneSimulator
		Debug|Any CPU = Debug|Any CPU
		Debug|iPhone = Debug|iPhone
		Debug|iPhoneSimulator = Debug|iPhoneSimulator
		Release|Any CPU = Release|Any CPU
		Release|iPhone = Release|iPhone
		Release|iPhoneSimulator = Release|iPhoneSimulator
	EndGlobalSection
	GlobalSection(ProjectConfigurationPlatforms) = postSolution
		{90CF8BB7-F17A-409A-8852-D62BD29E0F56}.Ad-Hoc|Any CPU.ActiveCfg = Release|Any CPU
		{90CF8BB7-F17A-409A-8852-D62BD29E0F56}.Ad-Hoc|Any CPU.Build.0 = Release|Any CPU
		{90CF8BB7-F17A-409A-8852-D62BD29E0F56}.Ad-Hoc|Any CPU.Deploy.0 = Release|Any CPU
		{90CF8BB7-F17A-409A-8852-D62BD29E0F56}.Ad-Hoc|iPhone.ActiveCfg = Release|Any CPU
		{90CF8BB7-F17A-409A-8852-D62BD29E0F56}.Ad-Hoc|iPhone.Build.0 = Release|Any CPU
		{90CF8BB7-F17A-409A-8852-D62BD29E0F56}.Ad-Hoc|iPhone.Deploy.0 = Release|Any CPU
		{90CF8BB7-F17A-409A-8852-D62BD29E0F56}.Ad-Hoc|iPhoneSimulator.ActiveCfg = Release|Any CPU
		{90CF8BB7-F17A-409A-8852-D62BD29E0F56}.Ad-Hoc|iPhoneSimulator.Build.0 = Release|Any CPU
		{90CF8BB7-F17A-409A-8852-D62BD29E0F56}.Ad-Hoc|iPhoneSimulator.Deploy.0 = Release|Any CPU
		{90CF8BB7-F17A-409A-8852-D62BD29E0F56}.AppStore|Any CPU.ActiveCfg = Release|Any CPU
		{90CF8BB7-F17A-409A-8852-D62BD29E0F56}.AppStore|Any CPU.Build.0 = Release|Any CPU
		{90CF8BB7-F17A-409A-8852-D62BD29E0F56}.AppStore|Any CPU.Deploy.0 = Release|Any CPU
		{90CF8BB7-F17A-409A-8852-D62BD29E0F56}.AppStore|iPhone.ActiveCfg = Release|Any CPU
		{90CF8BB7-F17A-409A-8852-D62BD29E0F56}.AppStore|iPhone.Build.0 = Release|Any CPU
		{90CF8BB7-F17A-409A-8852-D62BD29E0F56}.AppStore|iPhone.Deploy.0 = Release|Any CPU
		{90CF8BB7-F17A-409A-8852-D62BD29E0F56}.AppStore|iPhoneSimulator.ActiveCfg = Release|Any CPU
		{90CF8BB7-F17A-409A-8852-D62BD29E0F56}.AppStore|iPhoneSimulator.Build.0 = Release|Any CPU
		{90CF8BB7-F17A-409A-8852-D62BD29E0F56}.AppStore|iPhoneSimulator.Deploy.0 = Release|Any CPU
		{90CF8BB7-F17A-409A-8852-D62BD29E0F56}.Debug|Any CPU.ActiveCfg = Debug|Any CPU
		{90CF8BB7-F17A-409A-8852-D62BD29E0F56}.Debug|Any CPU.Build.0 = Debug|Any CPU
		{90CF8BB7-F17A-409A-8852-D62BD29E0F56}.Debug|Any CPU.Deploy.0 = Debug|Any CPU
		{90CF8BB7-F17A-409A-8852-D62BD29E0F56}.Debug|iPhone.ActiveCfg = Debug|Any CPU
		{90CF8BB7-F17A-409A-8852-D62BD29E0F56}.Debug|iPhone.Build.0 = Debug|Any CPU
		{90CF8BB7-F17A-409A-8852-D62BD29E0F56}.Debug|iPhone.Deploy.0 = Debug|Any CPU
		{90CF8BB7-F17A-409A-8852-D62BD29E0F56}.Debug|iPhoneSimulator.ActiveCfg = Debug|Any CPU
		{90CF8BB7-F17A-409A-8852-D62BD29E0F56}.Debug|iPhoneSimulator.Build.0 = Debug|Any CPU
		{90CF8BB7-F17A-409A-8852-D62BD29E0F56}.Debug|iPhoneSimulator.Deploy.0 = Debug|Any CPU
		{90CF8BB7-F17A-409A-8852-D62BD29E0F56}.Release|Any CPU.ActiveCfg = Release|Any CPU
		{90CF8BB7-F17A-409A-8852-D62BD29E0F56}.Release|Any CPU.Build.0 = Release|Any CPU
		{90CF8BB7-F17A-409A-8852-D62BD29E0F56}.Release|Any CPU.Deploy.0 = Release|Any CPU
		{90CF8BB7-F17A-409A-8852-D62BD29E0F56}.Release|iPhone.ActiveCfg = Release|Any CPU
		{90CF8BB7-F17A-409A-8852-D62BD29E0F56}.Release|iPhone.Build.0 = Release|Any CPU
		{90CF8BB7-F17A-409A-8852-D62BD29E0F56}.Release|iPhone.Deploy.0 = Release|Any CPU
		{90CF8BB7-F17A-409A-8852-D62BD29E0F56}.Release|iPhoneSimulator.ActiveCfg = Release|Any CPU
		{90CF8BB7-F17A-409A-8852-D62BD29E0F56}.Release|iPhoneSimulator.Build.0 = Release|Any CPU
		{90CF8BB7-F17A-409A-8852-D62BD29E0F56}.Release|iPhoneSimulator.Deploy.0 = Release|Any CPU
		{53EBEC94-C821-4AE3-BCCA-C7600CC8B584}.Ad-Hoc|Any CPU.ActiveCfg = Ad-Hoc|iPhone
		{53EBEC94-C821-4AE3-BCCA-C7600CC8B584}.Ad-Hoc|Any CPU.Build.0 = Ad-Hoc|iPhone
		{53EBEC94-C821-4AE3-BCCA-C7600CC8B584}.Ad-Hoc|Any CPU.Deploy.0 = Ad-Hoc|iPhone
		{53EBEC94-C821-4AE3-BCCA-C7600CC8B584}.Ad-Hoc|iPhone.ActiveCfg = Ad-Hoc|iPhone
		{53EBEC94-C821-4AE3-BCCA-C7600CC8B584}.Ad-Hoc|iPhone.Build.0 = Ad-Hoc|iPhone
		{53EBEC94-C821-4AE3-BCCA-C7600CC8B584}.Ad-Hoc|iPhone.Deploy.0 = Ad-Hoc|iPhone
		{53EBEC94-C821-4AE3-BCCA-C7600CC8B584}.Ad-Hoc|iPhoneSimulator.ActiveCfg = Ad-Hoc|iPhoneSimulator
		{53EBEC94-C821-4AE3-BCCA-C7600CC8B584}.Ad-Hoc|iPhoneSimulator.Build.0 = Ad-Hoc|iPhoneSimulator
		{53EBEC94-C821-4AE3-BCCA-C7600CC8B584}.Ad-Hoc|iPhoneSimulator.Deploy.0 = Ad-Hoc|iPhoneSimulator
		{53EBEC94-C821-4AE3-BCCA-C7600CC8B584}.AppStore|Any CPU.ActiveCfg = AppStore|iPhone
		{53EBEC94-C821-4AE3-BCCA-C7600CC8B584}.AppStore|Any CPU.Build.0 = AppStore|iPhone
		{53EBEC94-C821-4AE3-BCCA-C7600CC8B584}.AppStore|Any CPU.Deploy.0 = AppStore|iPhone
		{53EBEC94-C821-4AE3-BCCA-C7600CC8B584}.AppStore|iPhone.ActiveCfg = AppStore|iPhone
		{53EBEC94-C821-4AE3-BCCA-C7600CC8B584}.AppStore|iPhone.Build.0 = AppStore|iPhone
		{53EBEC94-C821-4AE3-BCCA-C7600CC8B584}.AppStore|iPhone.Deploy.0 = AppStore|iPhone
		{53EBEC94-C821-4AE3-BCCA-C7600CC8B584}.AppStore|iPhoneSimulator.ActiveCfg = AppStore|iPhoneSimulator
		{53EBEC94-C821-4AE3-BCCA-C7600CC8B584}.AppStore|iPhoneSimulator.Build.0 = AppStore|iPhoneSimulator
		{53EBEC94-C821-4AE3-BCCA-C7600CC8B584}.AppStore|iPhoneSimulator.Deploy.0 = AppStore|iPhoneSimulator
		{53EBEC94-C821-4AE3-BCCA-C7600CC8B584}.Debug|Any CPU.ActiveCfg = Debug|iPhoneSimulator
		{53EBEC94-C821-4AE3-BCCA-C7600CC8B584}.Debug|Any CPU.Build.0 = Debug|iPhoneSimulator
		{53EBEC94-C821-4AE3-BCCA-C7600CC8B584}.Debug|Any CPU.Deploy.0 = Debug|iPhoneSimulator
		{53EBEC94-C821-4AE3-BCCA-C7600CC8B584}.Debug|iPhone.ActiveCfg = Debug|iPhone
		{53EBEC94-C821-4AE3-BCCA-C7600CC8B584}.Debug|iPhone.Build.0 = Debug|iPhone
		{53EBEC94-C821-4AE3-BCCA-C7600CC8B584}.Debug|iPhone.Deploy.0 = Debug|iPhone
		{53EBEC94-C821-4AE3-BCCA-C7600CC8B584}.Debug|iPhoneSimulator.ActiveCfg = Debug|iPhoneSimulator
		{53EBEC94-C821-4AE3-BCCA-C7600CC8B584}.Debug|iPhoneSimulator.Build.0 = Debug|iPhoneSimulator
		{53EBEC94-C821-4AE3-BCCA-C7600CC8B584}.Debug|iPhoneSimulator.Deploy.0 = Debug|iPhoneSimulator
		{53EBEC94-C821-4AE3-BCCA-C7600CC8B584}.Release|Any CPU.ActiveCfg = Release|iPhone
		{53EBEC94-C821-4AE3-BCCA-C7600CC8B584}.Release|Any CPU.Build.0 = Release|iPhone
		{53EBEC94-C821-4AE3-BCCA-C7600CC8B584}.Release|Any CPU.Deploy.0 = Release|iPhone
		{53EBEC94-C821-4AE3-BCCA-C7600CC8B584}.Release|iPhone.ActiveCfg = Release|iPhone
		{53EBEC94-C821-4AE3-BCCA-C7600CC8B584}.Release|iPhone.Build.0 = Release|iPhone
		{53EBEC94-C821-4AE3-BCCA-C7600CC8B584}.Release|iPhone.Deploy.0 = Release|iPhone
		{53EBEC94-C821-4AE3-BCCA-C7600CC8B584}.Release|iPhoneSimulator.ActiveCfg = Release|iPhoneSimulator
		{53EBEC94-C821-4AE3-BCCA-C7600CC8B584}.Release|iPhoneSimulator.Build.0 = Release|iPhoneSimulator
		{53EBEC94-C821-4AE3-BCCA-C7600CC8B584}.Release|iPhoneSimulator.Deploy.0 = Release|iPhoneSimulator
		{090E7CE1-DE1F-4EC2-BCBF-C9F281A7FCA1}.Ad-Hoc|Any CPU.ActiveCfg = Debug|Any CPU
		{090E7CE1-DE1F-4EC2-BCBF-C9F281A7FCA1}.Ad-Hoc|Any CPU.Build.0 = Debug|Any CPU
		{090E7CE1-DE1F-4EC2-BCBF-C9F281A7FCA1}.Ad-Hoc|Any CPU.Deploy.0 = Debug|Any CPU
		{090E7CE1-DE1F-4EC2-BCBF-C9F281A7FCA1}.Ad-Hoc|iPhone.ActiveCfg = Debug|Any CPU
		{090E7CE1-DE1F-4EC2-BCBF-C9F281A7FCA1}.Ad-Hoc|iPhone.Build.0 = Debug|Any CPU
		{090E7CE1-DE1F-4EC2-BCBF-C9F281A7FCA1}.Ad-Hoc|iPhone.Deploy.0 = Debug|Any CPU
		{090E7CE1-DE1F-4EC2-BCBF-C9F281A7FCA1}.Ad-Hoc|iPhoneSimulator.ActiveCfg = Debug|Any CPU
		{090E7CE1-DE1F-4EC2-BCBF-C9F281A7FCA1}.Ad-Hoc|iPhoneSimulator.Build.0 = Debug|Any CPU
		{090E7CE1-DE1F-4EC2-BCBF-C9F281A7FCA1}.Ad-Hoc|iPhoneSimulator.Deploy.0 = Debug|Any CPU
		{090E7CE1-DE1F-4EC2-BCBF-C9F281A7FCA1}.AppStore|Any CPU.ActiveCfg = Debug|Any CPU
		{090E7CE1-DE1F-4EC2-BCBF-C9F281A7FCA1}.AppStore|Any CPU.Build.0 = Debug|Any CPU
		{090E7CE1-DE1F-4EC2-BCBF-C9F281A7FCA1}.AppStore|Any CPU.Deploy.0 = Debug|Any CPU
		{090E7CE1-DE1F-4EC2-BCBF-C9F281A7FCA1}.AppStore|iPhone.ActiveCfg = Debug|Any CPU
		{090E7CE1-DE1F-4EC2-BCBF-C9F281A7FCA1}.AppStore|iPhone.Build.0 = Debug|Any CPU
		{090E7CE1-DE1F-4EC2-BCBF-C9F281A7FCA1}.AppStore|iPhone.Deploy.0 = Debug|Any CPU
		{090E7CE1-DE1F-4EC2-BCBF-C9F281A7FCA1}.AppStore|iPhoneSimulator.ActiveCfg = Debug|Any CPU
		{090E7CE1-DE1F-4EC2-BCBF-C9F281A7FCA1}.AppStore|iPhoneSimulator.Build.0 = Debug|Any CPU
		{090E7CE1-DE1F-4EC2-BCBF-C9F281A7FCA1}.AppStore|iPhoneSimulator.Deploy.0 = Debug|Any CPU
		{090E7CE1-DE1F-4EC2-BCBF-C9F281A7FCA1}.Debug|Any CPU.ActiveCfg = Debug|Any CPU
		{090E7CE1-DE1F-4EC2-BCBF-C9F281A7FCA1}.Debug|Any CPU.Build.0 = Debug|Any CPU
		{090E7CE1-DE1F-4EC2-BCBF-C9F281A7FCA1}.Debug|Any CPU.Deploy.0 = Debug|Any CPU
		{090E7CE1-DE1F-4EC2-BCBF-C9F281A7FCA1}.Debug|iPhone.ActiveCfg = Debug|Any CPU
		{090E7CE1-DE1F-4EC2-BCBF-C9F281A7FCA1}.Debug|iPhone.Build.0 = Debug|Any CPU
		{090E7CE1-DE1F-4EC2-BCBF-C9F281A7FCA1}.Debug|iPhone.Deploy.0 = Debug|Any CPU
		{090E7CE1-DE1F-4EC2-BCBF-C9F281A7FCA1}.Debug|iPhoneSimulator.ActiveCfg = Debug|Any CPU
		{090E7CE1-DE1F-4EC2-BCBF-C9F281A7FCA1}.Debug|iPhoneSimulator.Build.0 = Debug|Any CPU
		{090E7CE1-DE1F-4EC2-BCBF-C9F281A7FCA1}.Debug|iPhoneSimulator.Deploy.0 = Debug|Any CPU
		{090E7CE1-DE1F-4EC2-BCBF-C9F281A7FCA1}.Release|Any CPU.ActiveCfg = Release|Any CPU
		{090E7CE1-DE1F-4EC2-BCBF-C9F281A7FCA1}.Release|Any CPU.Build.0 = Release|Any CPU
		{090E7CE1-DE1F-4EC2-BCBF-C9F281A7FCA1}.Release|Any CPU.Deploy.0 = Release|Any CPU
		{090E7CE1-DE1F-4EC2-BCBF-C9F281A7FCA1}.Release|iPhone.ActiveCfg = Release|Any CPU
		{090E7CE1-DE1F-4EC2-BCBF-C9F281A7FCA1}.Release|iPhone.Build.0 = Release|Any CPU
		{090E7CE1-DE1F-4EC2-BCBF-C9F281A7FCA1}.Release|iPhone.Deploy.0 = Release|Any CPU
		{090E7CE1-DE1F-4EC2-BCBF-C9F281A7FCA1}.Release|iPhoneSimulator.ActiveCfg = Release|Any CPU
		{090E7CE1-DE1F-4EC2-BCBF-C9F281A7FCA1}.Release|iPhoneSimulator.Build.0 = Release|Any CPU
		{090E7CE1-DE1F-4EC2-BCBF-C9F281A7FCA1}.Release|iPhoneSimulator.Deploy.0 = Release|Any CPU
		{83160334-2EC3-4256-90EF-3964F9CCDC43}.Ad-Hoc|Any CPU.ActiveCfg = Debug|Any CPU
		{83160334-2EC3-4256-90EF-3964F9CCDC43}.Ad-Hoc|Any CPU.Build.0 = Debug|Any CPU
		{83160334-2EC3-4256-90EF-3964F9CCDC43}.Ad-Hoc|iPhone.ActiveCfg = Debug|Any CPU
		{83160334-2EC3-4256-90EF-3964F9CCDC43}.Ad-Hoc|iPhone.Build.0 = Debug|Any CPU
		{83160334-2EC3-4256-90EF-3964F9CCDC43}.Ad-Hoc|iPhoneSimulator.ActiveCfg = Debug|Any CPU
		{83160334-2EC3-4256-90EF-3964F9CCDC43}.Ad-Hoc|iPhoneSimulator.Build.0 = Debug|Any CPU
		{83160334-2EC3-4256-90EF-3964F9CCDC43}.AppStore|Any CPU.ActiveCfg = Debug|Any CPU
		{83160334-2EC3-4256-90EF-3964F9CCDC43}.AppStore|Any CPU.Build.0 = Debug|Any CPU
		{83160334-2EC3-4256-90EF-3964F9CCDC43}.AppStore|iPhone.ActiveCfg = Debug|Any CPU
		{83160334-2EC3-4256-90EF-3964F9CCDC43}.AppStore|iPhone.Build.0 = Debug|Any CPU
		{83160334-2EC3-4256-90EF-3964F9CCDC43}.AppStore|iPhoneSimulator.ActiveCfg = Debug|Any CPU
		{83160334-2EC3-4256-90EF-3964F9CCDC43}.AppStore|iPhoneSimulator.Build.0 = Debug|Any CPU
		{83160334-2EC3-4256-90EF-3964F9CCDC43}.Debug|Any CPU.ActiveCfg = Debug|Any CPU
		{83160334-2EC3-4256-90EF-3964F9CCDC43}.Debug|Any CPU.Build.0 = Debug|Any CPU
		{83160334-2EC3-4256-90EF-3964F9CCDC43}.Debug|iPhone.ActiveCfg = Debug|Any CPU
		{83160334-2EC3-4256-90EF-3964F9CCDC43}.Debug|iPhone.Build.0 = Debug|Any CPU
		{83160334-2EC3-4256-90EF-3964F9CCDC43}.Debug|iPhoneSimulator.ActiveCfg = Debug|Any CPU
		{83160334-2EC3-4256-90EF-3964F9CCDC43}.Debug|iPhoneSimulator.Build.0 = Debug|Any CPU
		{83160334-2EC3-4256-90EF-3964F9CCDC43}.Release|Any CPU.ActiveCfg = Release|Any CPU
		{83160334-2EC3-4256-90EF-3964F9CCDC43}.Release|Any CPU.Build.0 = Release|Any CPU
		{83160334-2EC3-4256-90EF-3964F9CCDC43}.Release|iPhone.ActiveCfg = Release|Any CPU
		{83160334-2EC3-4256-90EF-3964F9CCDC43}.Release|iPhone.Build.0 = Release|Any CPU
		{83160334-2EC3-4256-90EF-3964F9CCDC43}.Release|iPhoneSimulator.ActiveCfg = Release|Any CPU
		{83160334-2EC3-4256-90EF-3964F9CCDC43}.Release|iPhoneSimulator.Build.0 = Release|Any CPU
		{D4E02CA7-0207-4EB4-8E0F-39A35F6540FA}.Ad-Hoc|Any CPU.ActiveCfg = Debug|Any CPU
		{D4E02CA7-0207-4EB4-8E0F-39A35F6540FA}.Ad-Hoc|Any CPU.Build.0 = Debug|Any CPU
		{D4E02CA7-0207-4EB4-8E0F-39A35F6540FA}.Ad-Hoc|iPhone.ActiveCfg = Debug|Any CPU
		{D4E02CA7-0207-4EB4-8E0F-39A35F6540FA}.Ad-Hoc|iPhone.Build.0 = Debug|Any CPU
		{D4E02CA7-0207-4EB4-8E0F-39A35F6540FA}.Ad-Hoc|iPhoneSimulator.ActiveCfg = Debug|Any CPU
		{D4E02CA7-0207-4EB4-8E0F-39A35F6540FA}.Ad-Hoc|iPhoneSimulator.Build.0 = Debug|Any CPU
		{D4E02CA7-0207-4EB4-8E0F-39A35F6540FA}.AppStore|Any CPU.ActiveCfg = Debug|Any CPU
		{D4E02CA7-0207-4EB4-8E0F-39A35F6540FA}.AppStore|Any CPU.Build.0 = Debug|Any CPU
		{D4E02CA7-0207-4EB4-8E0F-39A35F6540FA}.AppStore|iPhone.ActiveCfg = Debug|Any CPU
		{D4E02CA7-0207-4EB4-8E0F-39A35F6540FA}.AppStore|iPhone.Build.0 = Debug|Any CPU
		{D4E02CA7-0207-4EB4-8E0F-39A35F6540FA}.AppStore|iPhoneSimulator.ActiveCfg = Debug|Any CPU
		{D4E02CA7-0207-4EB4-8E0F-39A35F6540FA}.AppStore|iPhoneSimulator.Build.0 = Debug|Any CPU
		{D4E02CA7-0207-4EB4-8E0F-39A35F6540FA}.Debug|Any CPU.ActiveCfg = Debug|Any CPU
		{D4E02CA7-0207-4EB4-8E0F-39A35F6540FA}.Debug|Any CPU.Build.0 = Debug|Any CPU
		{D4E02CA7-0207-4EB4-8E0F-39A35F6540FA}.Debug|iPhone.ActiveCfg = Debug|Any CPU
		{D4E02CA7-0207-4EB4-8E0F-39A35F6540FA}.Debug|iPhone.Build.0 = Debug|Any CPU
		{D4E02CA7-0207-4EB4-8E0F-39A35F6540FA}.Debug|iPhoneSimulator.ActiveCfg = Debug|Any CPU
		{D4E02CA7-0207-4EB4-8E0F-39A35F6540FA}.Debug|iPhoneSimulator.Build.0 = Debug|Any CPU
		{D4E02CA7-0207-4EB4-8E0F-39A35F6540FA}.Release|Any CPU.ActiveCfg = Release|Any CPU
		{D4E02CA7-0207-4EB4-8E0F-39A35F6540FA}.Release|Any CPU.Build.0 = Release|Any CPU
		{D4E02CA7-0207-4EB4-8E0F-39A35F6540FA}.Release|iPhone.ActiveCfg = Release|Any CPU
		{D4E02CA7-0207-4EB4-8E0F-39A35F6540FA}.Release|iPhone.Build.0 = Release|Any CPU
		{D4E02CA7-0207-4EB4-8E0F-39A35F6540FA}.Release|iPhoneSimulator.ActiveCfg = Release|Any CPU
		{D4E02CA7-0207-4EB4-8E0F-39A35F6540FA}.Release|iPhoneSimulator.Build.0 = Release|Any CPU
	EndGlobalSection
	GlobalSection(SolutionProperties) = preSolution
		HideSolutionNode = FALSE
	EndGlobalSection
	GlobalSection(ExtensibilityGlobals) = postSolution
		SolutionGuid = {4C2B8F6D-C2E0-499F-B82E-DAC13AE3E548}
	EndGlobalSection
EndGlobal
